# This file was autogenerated by uv via the following command:
#    uv pip compile condor/requirements-cu126.in --python-version 3.13 --python-platform x86_64-manylinux_2_28 --index-strategy unsafe-best-match --generate-hashes --output-file condor/requirements-cu126.lock
cuda-bindings==12.9.7 \
    --hash=sha256:00a833d399b31071fab4cf3de2929840ae462dc4848116eeff033d09219e7116 \
    --hash=sha256:0666d3c082ef8f4b2d670950589373550e9f3bf564d635dd883f24a0b40402ff \
    --hash=sha256:11aeafa2b33995f890086b3fb0f062075176d956e9b6a6fe1a699dddc413f6ad \
    --hash=sha256:16043ef5b15ab88fe9954c5c2061b1d8007591b27f2c916331056de0ebc6187e \
    --hash=sha256:1e2a4f2ec5b67408c04bb4fbed45d214b66de1f00ee2e972865cacb8708d4e1e \
    --hash=sha256:266379e4942051f544a8e7ea1a30ead8d7e8199b6b30fcdc8917cae2bf614e61 \
    --hash=sha256:2dbcd4801954eb3508f4dc2fa0d0c8eb93eb3f45326fd61be2731418c371e7a0 \
    --hash=sha256:3747ea132642416786a8e31bf229032df3a7856911ae5426a7be53d032df183d \
    --hash=sha256:3c089aaf4f5f570ec50244c68f5a2b00a2c9a8e01e04219fd2e36e340be0d88b \
    --hash=sha256:3c47ec1a7a441d91aab32339951df7a1be53451121a12c094bba51467717a35a \
    --hash=sha256:4c7ef48c5e13ae90f3b2ecfb72f8e99ac43c8f4c43e67e1325b8aae331453687 \
    --hash=sha256:59cf4a37b0d662ba15037c9ceebe1a306ebf2c01a8235a09be13cd07094fdb74 \
    --hash=sha256:5bd89dcb78475a6d8a4620ea94b74edf0cbbeacee6d1622d8f94452c1e8d3f15 \
    --hash=sha256:62e245bfa4830d473b038d0d7e5ab9cc1b377a09d2bc9afceaf5c5bab96ab1c6 \
    --hash=sha256:64f7ade7a7a3b69001489753acc21706d9dbda32db8deb68a767a0a0aab30b68 \
    --hash=sha256:775960ac9e530717f3b48e165cc6f68684fa9a4141764fd923e4c1a9820acc73 \
    --hash=sha256:a318075ef3277ca2fdd7df5d4bf671388696b4f2b65e2c4483f1853517692e3b \
    --hash=sha256:c392ffa5010ef4073bfd9dfff4d1ae56032094ed52d3d732014f8e41a73e6b59 \
    --hash=sha256:c6496a88d84b1209d6651b0370c19c26319e157c22f6d018bf9a358cd8049041 \
    --hash=sha256:ece8dfbc22e6de96a26940ab9887eb3cfe1fc1bc3966169391cdb866bb82bb64 \
    --hash=sha256:f95debd2c54c5f087462668511bcb2b1295baa389cd6de9e768212f3cab2bbe2
    # via torch
cuda-pathfinder==1.8.1 \
    --hash=sha256:ae0137ff9e56ea97499bcbf54f5f2778ec25f3266715ac86da192a795af982a8
    # via cuda-bindings
cuda-toolkit==12.6.3 \
    --hash=sha256:79d8605baeb6c2f695761e0efb54bc62dbc3c9e32eb0742df7669c07befaa8f7
    # via torch
filelock==3.32.5 \
    --hash=sha256:142cd9fa77a872c5e78c62329a0d15278fadc686eb89e760017968961a4fd6b2 \
    --hash=sha256:f6a6a28f743f9b95ce19db5abe0f376f75eb56517dff21e1a4751e2657d3e83d
    # via torch
fsspec==2026.7.0 \
    --hash=sha256:b57ddbafedfaef7018c1ecab32aa200a9d7ca26b77965f64e48b70061249d279 \
    --hash=sha256:c803c40f4cf860b49dea58ee3e1c33cb9c790520e233537e1340049f89b82a88
    # via torch
iniconfig==2.3.0 \
    --hash=sha256:c76315c77db068650d49c5b56314774a7804df16fee4402c1f19d6d15d8c4730 \
    --hash=sha256:f631c04d2c48c52b84d0d0549c99ff3859c98df65b3101406327ecc7d53fbf12
    # via pytest
jinja2==3.1.6 \
    --hash=sha256:85ece4451f492d0c13c5dd7c13a64681a86afae63a5f347908daf103ce6d2f67
    # via torch
markupsafe==3.0.3 \
    --hash=sha256:ccfcd093f13f0f0b7fdd0f198b90053bf7b2f02a3927a30e63f3ccc9df56b676
    # via jinja2
mpmath==1.3.0 \
    --hash=sha256:7a28eb2a9774d00c7bc92411c19a89209d5da7c4c9a9e227be8330a23a25b91f \
    --hash=sha256:a0b2b9fe80bbcd81a6647ff13108738cfb482d481d826cc0e02f5b35e5c88d2c
    # via sympy
networkx==3.6.1 \
    --hash=sha256:26b7c357accc0c8cde558ad486283728b65b6a95d85ee1cd66bafab4c8168509 \
    --hash=sha256:d47fbf302e7d9cbbb9e2555a0d267983d2aa476bac30e90dfbe5669bd57f3762
    # via torch
numpy==2.5.2 \
    --hash=sha256:0090ccdd57ec2703e9b49d0bf554767370581c1dd0a6b2bb2b2d9def317d042a \
    --hash=sha256:078f9b027b478c9379b9677babbf0f8b8f1ecfada27636d7b9a93990c638739f \
    --hash=sha256:07d4e89f3a9ab0a9ba24264ccdb642b3dd951b2281e8883a5481a4aa79cc31a7 \
    --hash=sha256:0a4035ae1129ff8777f08bfbd44f1e5d8e9c049ce0c2dd78fc0d92c13e7251c0 \
    --hash=sha256:0aadf13b60048d501e05fa699efaf7734e2494f3498a4c2a5521d822640324f3 \
    --hash=sha256:14e373cfc6387177e8409dac3c7159be8eb05cd77096cd7c950268b86f62831c \
    --hash=sha256:1ab3d4a901f844ea836c3e80bf463c6a27d7f3c14e8e292fcf28d348b25b9bce \
    --hash=sha256:24b9dc2e3d84aa58523798805194e23e736f3f6ce2d1a5b92583ae734e6dbda8 \
    --hash=sha256:27650bb0e7140fa3d37b9923b4803645e0b125d190f326eecfd3f4dad8e8ade1 \
    --hash=sha256:28ac63476ec7651484215ee7fa15a1f78b57c14621f01e392afe17b9a1390ce4 \
    --hash=sha256:29b86ff8a6cc556b47ec6b64b194815cc80e6bf5eedcc6cddfd65318cb0b4eee \
    --hash=sha256:29d81e97f668489cba8ebfd796b9bdd453525d35dd9e162e2daec94bf3fc7740 \
    --hash=sha256:2cc779226e476d1e1f08c74068c419e60f41a9e0e069c92f6671d31d5c985e98 \
    --hash=sha256:2ffa7bacab3e2ee1b19ed31766bb60bb380b68c23f051e199c5cc598afd68710 \
    --hash=sha256:318b9a4c845dbea06708a29c84ee429cc3065048db34cdb799047643492050ee \
    --hash=sha256:34c319e2963be042673fb46570501b2f06c41924e17e3563d58646b4380dfb68 \
    --hash=sha256:3a2f061cebd9e3d23bdcfaaded5e2293a4c6a5b60fa42df85d410a725ce621bf \
    --hash=sha256:3cdec01fa790a186d430433fdd4d4ffb70eed6f0eeb4bf05c8dbe2dce0a9bcb8 \
    --hash=sha256:3e4c367352d3747784248a227fbec218e193b56f7e6692e3b64fc805478ecfdf \
    --hash=sha256:40f4d451aed46a8046a1aae41c4e55fb3612273df9c502480135e1501576a34b \
    --hash=sha256:44ef9675d908e65f9953063837c3277730f3f4437615a4cdab67b366cabaf884 \
    --hash=sha256:4bbd96c833ecc8cc069ce518078fc8c60cb9cbfb0fea5b7a803ad65035596d03 \
    --hash=sha256:4ec954036759bcee3aa484f8603bd9c14f3e776293b85578b8734c2d72777c69 \
    --hash=sha256:4f9744f9fbdcea0bc552e8f19e1f141f811a3f9bc2be2cc6e86d982cab23e3f4 \
    --hash=sha256:50a68f4bacd8a2b33d8da3d2269d0d78500f86ea582e4786dc10f5ef2c2c6842 \
    --hash=sha256:50e500dc868e9313530ce12ba470fe50ff3afe3d62993ed6eff652dacd555b65 \
    --hash=sha256:52c808f96484f5571a5cc863775ce50247c17dfb3b0361f8ed6b4b0456f80080 \
    --hash=sha256:5f8e00be2ec6f45f4e8a41a527f68d44a7d96fee92a650e4d8b1326f77f61e6e \
    --hash=sha256:60e902ac295855348a5ca2ea4c89108989a9f5fddfad3dfc0a8f36b10358567e \
    --hash=sha256:65f188481f1669e26f62b701e8205d19e460fa4a9b52a1414ba382330e4a3414 \
    --hash=sha256:6950c4b7dd562453090548ba7f5da7e59f57f85663f15d5dcc60e249192f7e59 \
    --hash=sha256:6a9bb119fb8dd21ba30b3f0e555b7e2b081bd9883af21ec9c1c633d161cda3a8 \
    --hash=sha256:6b588cc8f902d6bff201c19fd00c43ab8545671e3554d014e12e14139e5e8617 \
    --hash=sha256:6df895598c0edcb41030126c89e0f353b07d93238116143b7405e937359736c4 \
    --hash=sha256:6e8172ddfcf5cf74b811d372b570b83c60bd2de87a6fbfbebdadb4a9bd9c6cbb \
    --hash=sha256:7354826bc6f8f69402e9b7fe28d15fcd34feebd74f856f111585c5b0c9fb0251 \
    --hash=sha256:7587f53dfbd5edc0f7b87c6217b4c6d2d1f2ef9c3da70bc1315e7db5f8d7ec9d \
    --hash=sha256:77843ca236b777e67f8d6b3660ea116e499612703a0ecd7093f316201eb9d8e2 \
    --hash=sha256:7999d4ddb0c4025018373fd787510d46e04c769467af22869707b3c1cfd459ab \
    --hash=sha256:85aaccb24182c25df891ad0ec333585967e115269d5f1b17f2c9ae005bc96657 \
    --hash=sha256:8e4cb9a754c8a0c62eaa88273a5fba3391f4a610d1dee893c0755da31c083f15 \
    --hash=sha256:8ee9c4eeb8454b3660a8b53493563c3e121c2fc94fbd72b848ef814ed7b676a9 \
    --hash=sha256:9a0731745a72a184490a582fb4af2533512bd071ace67785b5fdffc0ae58dce8 \
    --hash=sha256:9e9413326d726c2545bfa65d2c0876871e8d8386e77f992c1d426e180bbd4323 \
    --hash=sha256:a610dc7e3c52edd39c2bc2375ff9c3fd59cb3ad00e4472d36f83bc1457145788 \
    --hash=sha256:a839318485284a6fb31be4f8f2c91c8f2cb22f4543c4a8903f12b0671ffe07cc \
    --hash=sha256:afb3f0632d6b2e3ba04dbce8d1e48d321b369138b73830b5ca371a0e8d479d56 \
    --hash=sha256:b879fb674276e331513fb136b78dbc6bd3c848309e0d841cfd63be3896c4cfc1 \
    --hash=sha256:b9727f472d2f3888053b8a75ab0cb94745a9de224bb5846dbadc0092101bc71d \
    --hash=sha256:ba0a474801b8dc67b66bf465548abc90e82b44d2611b5770f33008dcabffe8ec \
    --hash=sha256:bd68ece1553d2023c09a4226d9e41c586ad2d20594d1a456186c33513d2cb3f2 \
    --hash=sha256:c081cbe16ba1ab53078e5ff29013621e33c509eedab055775d956427712c236e \
    --hash=sha256:c1f017dc0875c9209d219f97feceb7d54c2661bb243deb4114478e1295808af7 \
    --hash=sha256:cebc2d6dbb605a7703d59751dea4bd6b0ab127a5a4338a6f432df1936fef8b26 \
    --hash=sha256:cf7de32f486e4ac9e2d93b810f9e9ac72a728dd46a32a0bb403222f27f653514 \
    --hash=sha256:d482d171c406ae88c5b19cad3b6a1c4c5209f886ab74bc44c2c865c23f52d860 \
    --hash=sha256:d6a48072864e3324e194a8fbb3c657bcc5b5c869dbc64c9537b1d5c862572c0a \
    --hash=sha256:d787cf769c3baeb5f6235e778edb52c08dfa923789b5958f28e6450f96107cb1 \
    --hash=sha256:dc649493697006bc90614a5f0bbc8cb3cb1866715c474e473694968d7e6b99ab \
    --hash=sha256:ddf47472af2e4280d79bac82304f5e80150211f1b9e614b760061d5fdfbb6eba \
    --hash=sha256:e5651f3f87add730ee6608d915009e19c911fba0cb000c7e3ea994b7d768eb12 \
    --hash=sha256:e79aba74ffaf5f78a050d777c184cddf8fdffabab38acf5f3ef1fecbc17895d6 \
    --hash=sha256:eaa088384c46f519dacb93b7ec483a6d6b19a4a2085ae4f25ab9b1c43d387d1e \
    --hash=sha256:eaca7ff36f0f52e2111ec71f169d8fd3e889e7ddc0d2592e0d703fd8d3ce8fac \
    --hash=sha256:f06571a052127dc1b4e8b83029b4d1b20daa2b64a31cdd181fc6bc774e9000eb \
    --hash=sha256:fd0d703772bba096843785bd38371e31bb4a0c1151497ad5739d182114a73f7f
    # via -r condor/requirements-cu126.in
nvidia-cublas-cu12==12.6.4.1 \
    --hash=sha256:08ed2686e9875d01b58e3cb379c6896df8e76c75e0d4a7f7dace3d7b6d9ef8eb \
    --hash=sha256:235f728d6e2a409eddf1df58d5b0921cf80cfa9e72b9f2775ccb7b4a87984668 \
    --hash=sha256:9e4fa264f4d8a4eb0cdbd34beadc029f453b3bafae02401e999cf3d5a5af75f8
    # via
    #   cuda-toolkit
    #   nvidia-cudnn-cu12
    #   nvidia-cusolver-cu12
nvidia-cuda-cupti-cu12==12.6.80 \
    --hash=sha256:166ee35a3ff1587f2490364f90eeeb8da06cd867bd5b701bf7f9a02b78bc63fc \
    --hash=sha256:358b4a1d35370353d52e12f0a7d1769fc01ff74a191689d3870b2123156184c4 \
    --hash=sha256:6768bad6cab4f19e8292125e5f1ac8aa7d1718704012a0e3272a6f61c4bce132 \
    --hash=sha256:a3eff6cdfcc6a4c35db968a06fcadb061cbc7d6dde548609a941ff8701b98b73 \
    --hash=sha256:bbe6ae76e83ce5251b56e8c8e61a964f757175682bbad058b170b136266ab00a
    # via cuda-toolkit
nvidia-cuda-nvrtc-cu12==12.6.85 \
    --hash=sha256:3f3134f50963882373063901657554f230bedf6039d30b09f6be55c64c993a37 \
    --hash=sha256:800927308ccc5dd6246d3f61f7fcef2ed7ec4e59e199090d360d3293f78bd5a2 \
    --hash=sha256:a419e2c95e75b88b602f8bb66f82a6c5651e8475a509841c958486b1b71510bf
    # via cuda-toolkit
nvidia-cuda-runtime-cu12==12.6.77 \
    --hash=sha256:6116fad3e049e04791c0256a9778c16237837c08b27ed8c8401e2e45de8d60cd \
    --hash=sha256:86c58044c824bf3c173c49a2dbc7a6c8b53cb4e4dca50068be0bf64e9dab3f7f \
    --hash=sha256:a84d15d5e1da416dd4774cb42edf5e954a3e60cc945698dc1d5be02321c44dc8 \
    --hash=sha256:ba3b56a4f896141e25e19ab287cd71e52a6a0f4b29d0d31609f60e3b4d5219b7 \
    --hash=sha256:d461264ecb429c84c8879a7153499ddc7b19b5f8d84c204307491989a365588e
    # via cuda-toolkit
nvidia-cudnn-cu12==9.10.2.21 \
    --hash=sha256:949452be657fa16687d0930933f032835951ef0892b37d2d53824d1a84dc97a8 \
    --hash=sha256:c6288de7d63e6cf62988f0923f96dc339cea362decb1bf5b3141883392a7d65e \
    --hash=sha256:c9132cc3f8958447b4910a1720036d9eff5928cc3179b0a51fb6d167c6cc87d8
    # via torch
nvidia-cufft-cu12==11.3.0.4 \
    --hash=sha256:6048ebddfb90d09d2707efb1fd78d4e3a77cb3ae4dc60e19aab6be0ece2ae464 \
    --hash=sha256:768160ac89f6f7b459bee747e8d175dbf53619cfe74b2a5636264163138013ca \
    --hash=sha256:8510990de9f96c803a051822618d42bf6cb8f069ff3f48d93a8486efdacb48fb \
    --hash=sha256:ccba62eb9cef5559abd5e0d54ceed2d9934030f51163df018532142a8ec533e5 \
    --hash=sha256:d16079550df460376455cba121db6564089176d9bac9e4f360493ca4741b22a6
    # via cuda-toolkit
nvidia-cufile-cu12==1.11.1.6 \
    --hash=sha256:8f57a0051dcf2543f6dc2b98a98cb2719c37d3cee1baba8965d57f3bbc90d4db \
    --hash=sha256:cc23469d1c7e52ce6c1d55253273d32c565dd22068647f3aa59b3c6b005bf159
    # via cuda-toolkit
nvidia-curand-cu12==10.3.7.77 \
    --hash=sha256:6d6d935ffba0f3d439b7cd968192ff068fafd9018dbf1b85b37261b13cfc9905 \
    --hash=sha256:6e82df077060ea28e37f48a3ec442a8f47690c7499bff392a5938614b56c98d8 \
    --hash=sha256:7b2ed8e95595c3591d984ea3603dd66fe6ce6812b886d59049988a712ed06b6e \
    --hash=sha256:99f1a32f1ac2bd134897fc7a203f779303261268a65762a623bf30cc9fe79117 \
    --hash=sha256:a42cd1344297f70b9e39a1e4f467a4e1c10f1da54ff7a85c12197f6c652c8bdf
    # via cuda-toolkit
nvidia-cusolver-cu12==11.7.1.2 \
    --hash=sha256:0ce237ef60acde1efc457335a2ddadfd7610b892d94efee7b776c64bb1cac9e0 \
    --hash=sha256:6813f9d8073f555444a8705f3ab0296d3e1cb37a16d694c5fc8b862a0d8706d7 \
    --hash=sha256:6cf28f17f64107a0c4d7802be5ff5537b2130bfc112f25d5a30df227058ca0e6 \
    --hash=sha256:dbbe4fc38ec1289c7e5230e16248365e375c3673c9c8bac5796e2e20db07f56e \
    --hash=sha256:e9e49843a7707e42022babb9bcfa33c29857a93b88020c4e4434656a655b698c
    # via cuda-toolkit
nvidia-cusparse-cu12==12.5.4.2 \
    --hash=sha256:23749a6571191a215cb74d1cdbff4a86e7b19f1200c071b3fcf844a5bea23a2f \
    --hash=sha256:4acb8c08855a26d737398cba8fb6f8f5045d93f82612b4cfd84645a2332ccf20 \
    --hash=sha256:7556d9eca156e18184b94947ade0fba5bb47d69cec46bf8660fd2c71a4b48b73 \
    --hash=sha256:7aa32fa5470cf754f72d1116c7cbc300b4e638d3ae5304cfa4a638a5b87161b1 \
    --hash=sha256:d25b62fb18751758fe3c93a4a08eff08effedfe4edf1c6bb5afd0890fe88f887
    # via
    #   cuda-toolkit
    #   nvidia-cusolver-cu12
nvidia-cusparselt-cu12==0.7.1 \
    --hash=sha256:8878dce784d0fac90131b6817b607e803c36e629ba34dc5b433471382196b6a5 \
    --hash=sha256:f1bb701d6b930d5a7cea44c19ceb973311500847f81b634d802b7b539dc55623 \
    --hash=sha256:f67fbb5831940ec829c9117b7f33807db9f9678dc2a617fbe781cac17b4e1075
    # via torch
nvidia-nccl-cu12==2.29.3 \
    --hash=sha256:35ad42e7d5d722a83c36a3a478e281c20a5646383deaf1b9ed1a9ab7d61bed53 \
    --hash=sha256:6351b79dc7d2cc3d654ea1523616b9eeded71fe9c8da66b71eef9a5d1b2adad4
    # via torch
nvidia-nvjitlink-cu12==12.6.85 \
    --hash=sha256:cf4eaa7d4b6b543ffd69d6abfb11efdeb2db48270d94dfd3a452c24150829e41 \
    --hash=sha256:e61120e52ed675747825cdd16febc6a0730537451d867ee58bee3853b1b13d1c \
    --hash=sha256:eedc36df9e88b682efe4309aa16b5b4e78c2407eac59e8c10a6a47535164369a
    # via
    #   cuda-toolkit
    #   nvidia-cufft-cu12
    #   nvidia-cusolver-cu12
    #   nvidia-cusparse-cu12
nvidia-nvshmem-cu12==3.4.5 \
    --hash=sha256:042f2500f24c021db8a06c5eec2539027d57460e1c1a762055a6554f72c369bd \
    --hash=sha256:0b48363fc6964dede448029434c6abed6c5e37f823cb43c3bcde7ecfc0457e15
    # via torch
nvidia-nvtx-cu12==12.6.77 \
    --hash=sha256:2fb11a4af04a5e6c84073e6404d26588a34afd35379f0855a99797897efa75c0 \
    --hash=sha256:6574241a3ec5fdc9334353ab8c479fe75841dbe8f4532a8fc97ce63503330ba1 \
    --hash=sha256:adcaabb9d436c9761fca2b13959a2d237c5f9fd406c8e4b723c695409ff88059 \
    --hash=sha256:b90bed3df379fa79afbd21be8e04a0314336b8ae16768b58f2d34cb1d04cd7d2 \
    --hash=sha256:f44f8d86bb7d5629988d61c8d3ae61dddb2015dee142740536bc7481b022fe4b
    # via cuda-toolkit
packaging==26.3 \
    --hash=sha256:94edc256424af38762eb31306eed28beb9f0efc50a8837492c9d6fd6004aed79 \
    --hash=sha256:d7193f7c8e4e93f444fde0262bf90af30e16fa0ad0ad44cb553c87339b23cd1c
    # via pytest
pluggy==1.6.0 \
    --hash=sha256:7dcc130b76258d33b90f61b658791dede3486c3e6bfb003ee5c9bfb396dd22f3 \
    --hash=sha256:e920276dd6813095e9377c0bc5566d94c932c33b27a3e3945d8389c374dd4746
    # via pytest
pygments==2.21.0 \
    --hash=sha256:2363c69b61c4a97c838da3b130dcd6468f4848992b21a82f2a63ec34377137d9 \
    --hash=sha256:610ca751c9bc2492b38eb9a38a7fbc93edbbb2d7182edaf34e66ae493dee5c8c
    # via pytest
pytest==9.1.1 \
    --hash=sha256:1088fbde8f2b49d95a549a195707afa7a76a3ce9bcadc26b6d71f0ffda5fe313 \
    --hash=sha256:37a86b45efb9a47a61a36449063e8e18d0cab3161329fc099eb21783169c4f0c
    # via -r condor/requirements-cu126.in
setuptools==81.0.0 \
    --hash=sha256:487b53915f52501f0a79ccfd0c02c165ffe06631443a886740b91af4b7a5845a \
    --hash=sha256:fdd925d5c5d9f62e4b74b30d6dd7828ce236fd6ed998a08d81de62ce5a6310d6
    # via torch
sympy==1.14.0 \
    --hash=sha256:d3d3fe8df1e5a0b42f0e7bdf50541697dbe7d23746e894990c030e2b05e72517 \
    --hash=sha256:e091cc3e99d2141a0ba2847328f5479b05d94a6635cb96148ccb3f34671bd8f5
    # via torch
torch==2.12.1+cu126 \
    --hash=sha256:0a40c1d3f014d3d6ea3e9b4fd24ac9dcbdb19e4c1e778f9b50f62c0f345584dd \
    --hash=sha256:2966560d489c9fd03dee84750c4772d5e528c13b861d2ff305bf790d25bb3ec5 \
    --hash=sha256:3737656740241f2ea68bf756fd48b2a70b009dec561b6897b25e99e23247fee0 \
    --hash=sha256:56cf3005c798fdbce26e330440c6713a4dd3e19e545ad4d83443f57e476d0d9d \
    --hash=sha256:57a031aa44a9c115593dfd5b1912d5362559bcc717428c7f9065652fbd1d1d2f \
    --hash=sha256:621dca9242bfbf18f416f94bf22cfdecff9d7c0310143afc1f4fe82bcdf66b53 \
    --hash=sha256:715a86bfd9bc0911043260c7e1bd0ab2fece84938145f09e923b66d5d190b057 \
    --hash=sha256:71ee0eca3bde3a4067dfbc28c705b914d0773edd29ac4a634ad5e7a07f336aa1 \
    --hash=sha256:75b223d98517a4f14d1cf4f53767ddbc953f2e6f7d811f3fd045b7cbbb129b05 \
    --hash=sha256:86aa76ad484dbb60f5844ad85227a62533dfb7743544275448754c392a923fdc \
    --hash=sha256:b30ef03ebb87d6b7f5d8b1982bb08cf6a42bde552c9e6acf6a9c097b2700d0f1 \
    --hash=sha256:b7d68e60097b75d7dd507d1268144c7770de3b019f2a4cb3fe36550c9b4f3320 \
    --hash=sha256:bd5ee06aa2d24be1ae954cdb45255ea9feab7c584d06cd6578a33b58fcccc91a \
    --hash=sha256:c34f1c9543637190379204f281c55e705d3a9817a156fb9878762b8652092d61 \
    --hash=sha256:db8d4ce877ebeb3b60041fd3697058f9fcb360fba0ef3ec9ad4f72daf7b4a823 \
    --hash=sha256:e84875e6bf91a3120a759df43cff462d1e5daec66e4d2baa6fbd5491852e142f \
    --hash=sha256:eae80eb06812a27f49e9bacf4b674c7b912ad3bfd03a01c7ba9d6dcfa4c0c20e \
    --hash=sha256:fcc3cf2026f15afeb69f51fa3fde7b286ffd7e6d9b8e070021ca8abd95bd220a
    # via -r condor/requirements-cu126.in
triton==3.7.1 \
    --hash=sha256:018d1a55f4fc01673cffe86d5bc35de7f111f87d579609a9af2e5ad1827826a6 \
    --hash=sha256:1f046a8d2615e389b1b8e8a4d100a03f3cb1df4bc1a107a6b678b186443bb2c9 \
    --hash=sha256:225910e79149807de74a0ca63160aa285956a8d64a2951d558997c57e2584ae1 \
    --hash=sha256:34894d51aff1abf7b017fbd0c5e9fe7211305c3599157fca251e3f42bc8f00cf \
    --hash=sha256:3d62b1df358f49fcc229d5b77e7a346d66a93e93c19f6872936eadba9aac5f01 \
    --hash=sha256:410d3786b2dcf1ef792046670787dc742ba8f800cf2c6dddf56e0656f2260db6 \
    --hash=sha256:498302da4866b62d7184825bb3ced2348fe57b5caeaef882db23fc3f746e5cc1 \
    --hash=sha256:59688b9b924f887316dcd0fae9e8cbe697ee1d1f6ab386723982cc9ecdebee01 \
    --hash=sha256:6aadad4b7b001f2bc025667af14b0b32fb803c69534381abbae24971891c1859 \
    --hash=sha256:757802f248035abef085ffe28e9f36416f303c769aace1d346a9909eb2e90fd0 \
    --hash=sha256:7f02d894c176e9b80323c4679049cb12219890027550194550548a04c70b5c2e \
    --hash=sha256:996b460a85a134bbf810f87dea9ad42fc434d9ae1cbb948313ae83dd27f432f3 \
    --hash=sha256:9e291fca77d74a2c1ce0d3a5eded017a2dd4c688c8986c36e2b0a5f33d956b4f \
    --hash=sha256:c56cb810349d3699020b5b7695429b9b997574dab1b9f46b2b63fa23d7954894 \
    --hash=sha256:e04b4252ddbcbc6d4f518bb3eb3d586b2e77d40ed32801d9a75116d8d6c1169b \
    --hash=sha256:f091fe850657971c7191f7aa5bc9037669ad045da9d37eabc751926adbb456de
    # via torch
typing-extensions==4.16.0 \
    --hash=sha256:481caa481374e813c1b176ada14e97f1f67a4539ce9cfeb3f350d78d6370c2e8 \
    --hash=sha256:dc983d19a509c94dba722ee6abd33940f7c05a89e243c47e907eb4db6f1a43e5
    # via torch
